
Microsoft Visual Studio Solution File, Format Version 12.00
# Visual Studio Version 17
VisualStudioVersion = 17.9.34723.18
MinimumVisualStudioVersion = 10.0.40219.1
Project("{9A19103F-16F7-4668-BE54-9A1E7A4F7556}") = "TradingJournal.Shared", "TradingJournal.Shared\TradingJournal.Shared.csproj", "{F23AA6FB-D7E5-466C-8949-01A12D6F9EB8}"
EndProject
Project("{9A19103F-16F7-4668-BE54-9A1E7A4F7556}") = "TradingJournal.API", "TradingJournal.API\TradingJournal.API.csproj", "{95651C49-D7E7-47ED-9D0E-9892C945D039}"
EndProject
Project("{9A19103F-16F7-4668-BE54-9A1E7A4F7556}") = "TradingJournal.Web", "TradingJournal.Web\TradingJournal.Web.csproj", "{568F56C2-78F3-4AD8-81B7-119FBEA46605}"
	ProjectSection(ProjectDependencies) = postProject
		{95651C49-D7E7-47ED-9D0E-9892C945D039} = {95651C49-D7E7-47ED-9D0E-9892C945D039}
	EndProjectSection
EndProject
Project("{2150E333-8FDC-42A3-9474-1A3956D46DE8}") = "Solution Items", "Solution Items", "{246D87C1-9282-48BE-9787-3E22EA59C86F}"
	ProjectSection(SolutionItems) = preProject
		.editorconfig = .editorconfig
	EndProjectSection
EndProject
Global
	GlobalSection(SolutionConfigurationPlatforms) = preSolution
		Debug|Any CPU = Debug|Any CPU
		Release|Any CPU = Release|Any CPU
	EndGlobalSection
	GlobalSection(ProjectConfigurationPlatforms) = postSolution
		{F23AA6FB-D7E5-466C-8949-01A12D6F9EB8}.Debug|Any CPU.ActiveCfg = Debug|Any CPU
		{F23AA6FB-D7E5-466C-8949-01A12D6F9EB8}.Debug|Any CPU.Build.0 = Debug|Any CPU
		{F23AA6FB-D7E5-466C-8949-01A12D6F9EB8}.Release|Any CPU.ActiveCfg = Release|Any CPU
		{F23AA6FB-D7E5-466C-8949-01A12D6F9EB8}.Release|Any CPU.Build.0 = Release|Any CPU
		{95651C49-D7E7-47ED-9D0E-9892C945D039}.Debug|Any CPU.ActiveCfg = Debug|Any CPU
		{95651C49-D7E7-47ED-9D0E-9892C945D039}.Debug|Any CPU.Build.0 = Debug|Any CPU
		{95651C49-D7E7-47ED-9D0E-9892C945D039}.Release|Any CPU.ActiveCfg = Release|Any CPU
		{95651C49-D7E7-47ED-9D0E-9892C945D039}.Release|Any CPU.Build.0 = Release|Any CPU
		{568F56C2-78F3-4AD8-81B7-119FBEA46605}.Debug|Any CPU.ActiveCfg = Debug|Any CPU
		{568F56C2-78F3-4AD8-81B7-119FBEA46605}.Debug|Any CPU.Build.0 = Debug|Any CPU
		{568F56C2-78F3-4AD8-81B7-119FBEA46605}.Release|Any CPU.ActiveCfg = Release|Any CPU
		{568F56C2-78F3-4AD8-81B7-119FBEA46605}.Release|Any CPU.Build.0 = Release|Any CPU
	EndGlobalSection
	GlobalSection(SolutionProperties) = preSolution
		HideSolutionNode = FALSE
	EndGlobalSection
	GlobalSection(ExtensibilityGlobals) = postSolution
		SolutionGuid = {BA4947C7-7E4C-4279-8D5E-0298071B7790}
	EndGlobalSection
EndGlobal
